
Microsoft Visual Studio Solution File, Format Version 12.00
# Visual Studio Version 17
VisualStudioVersion = 17.8.34330.188
MinimumVisualStudioVersion = 10.0.40219.1
Project("{FAE04EC0-301F-11D3-BF4B-00C04F79EFBC}") = "WinFormsApp4", "WinFormsApp4\WinFormsApp4.csproj", "{47B1CE78-95B1-475A-8A05-7D9E7BEAAA3B}"
EndProject
Global
	GlobalSection(SolutionConfigurationPlatforms) = preSolution
		Debug|Any CPU = Debug|Any CPU
		Release|Any CPU = Release|Any CPU
	EndGlobalSection
	GlobalSection(ProjectConfigurationPlatforms) = postSolution
		{47B1CE78-95B1-475A-8A05-7D9E7BEAAA3B}.Debug|Any CPU.ActiveCfg = Debug|Any CPU
		{47B1CE78-95B1-475A-8A05-7D9E7BEAAA3B}.Debug|Any CPU.Build.0 = Debug|Any CPU
		{47B1CE78-95B1-475A-8A05-7D9E7BEAAA3B}.Release|Any CPU.ActiveCfg = Release|Any CPU
		{47B1CE78-95B1-475A-8A05-7D9E7BEAAA3B}.Release|Any CPU.Build.0 = Release|Any CPU
	EndGlobalSection
	GlobalSection(SolutionProperties) = preSolution
		HideSolutionNode = FALSE
	EndGlobalSection
	GlobalSection(ExtensibilityGlobals) = postSolution
		SolutionGuid = {5530FBCC-E655-441E-831B-8664E1192254}
	EndGlobalSection
EndGlobal
